
Microsoft Visual Studio Solution File, Format Version 12.00
# Visual Studio Version 17
VisualStudioVersion = 17.5.002.0
MinimumVisualStudioVersion = 10.0.40219.1
Project("{9A19103F-16F7-4668-BE54-9A1E7A4F7556}") = "ioFile", "ioFile.csproj", "{AD7C8A99-1355-4393-8BB4-9FDDC127A1DA}"
EndProject
Global
	GlobalSection(SolutionConfigurationPlatforms) = preSolution
		Debug|Any CPU = Debug|Any CPU
		Release|Any CPU = Release|Any CPU
	EndGlobalSection
	GlobalSection(ProjectConfigurationPlatforms) = postSolution
		{AD7C8A99-1355-4393-8BB4-9FDDC127A1DA}.Debug|Any CPU.ActiveCfg = Debug|Any CPU
		{AD7C8A99-1355-4393-8BB4-9FDDC127A1DA}.Debug|Any CPU.Build.0 = Debug|Any CPU
		{AD7C8A99-1355-4393-8BB4-9FDDC127A1DA}.Release|Any CPU.ActiveCfg = Release|Any CPU
		{AD7C8A99-1355-4393-8BB4-9FDDC127A1DA}.Release|Any CPU.Build.0 = Release|Any CPU
	EndGlobalSection
	GlobalSection(SolutionProperties) = preSolution
		HideSolutionNode = FALSE
	EndGlobalSection
	GlobalSection(ExtensibilityGlobals) = postSolution
		SolutionGuid = {3CC088FA-AF78-4F65-A2FA-8D39F721DAC1}
	EndGlobalSection
EndGlobal
